# This file is automatically @generated by Poetry 1.8.2 and should not be changed by hand.

[[package]]
name = "mysql-connector"
version = "2.2.9"
description = "MySQL driver written in Python"
optional = false
python-versions = "*"
files = [
    {file = "mysql-connector-2.2.9.tar.gz", hash = "sha256:1733e6ce52a049243de3264f1fbc22a852cb35458c4ad739ba88189285efdf32"},
]

[[package]]
name = "mysql-connector-python"
version = "8.3.0"
description = "MySQL driver written in Python"
optional = false
python-versions = ">=3.8"
files = [
    {file = "mysql-connector-python-8.3.0.tar.gz", hash = "sha256:e4ff23aa8036b4c5b6463fa81398bb5a528a29f99955de6ba937f0bba57a2fe3"},
    {file = "mysql_connector_python-8.3.0-cp310-cp310-macosx_13_0_arm64.whl", hash = "sha256:f4ee7e07cca6b744874d60d6b0b24817d9246eb4e8d7269b7ddbe68763a0bd13"},
    {file = "mysql_connector_python-8.3.0-cp310-cp310-macosx_13_0_x86_64.whl", hash = "sha256:5718e426cf67f041772d4984f709052201883f74190ba6feaddce5cbd3b99e6f"},
    {file = "mysql_connector_python-8.3.0-cp310-cp310-manylinux_2_17_aarch64.whl", hash = "sha256:0deb38f05057e12af091a48e03a1ff00e213945880000f802879fae5665e7502"},
    {file = "mysql_connector_python-8.3.0-cp310-cp310-manylinux_2_17_x86_64.whl", hash = "sha256:4be4165e4cd5acb4659261ddc74e9164d2dfa0d795d5695d52f2bf39ea0762fa"},
    {file = "mysql_connector_python-8.3.0-cp310-cp310-win_amd64.whl", hash = "sha256:51d97bf771519829797556718d81e8b9bdcd0a00427740ca57c085094c8bde17"},
    {file = "mysql_connector_python-8.3.0-cp311-cp311-macosx_13_0_arm64.whl", hash = "sha256:5e2c86c60be08c71bae755d811fe8b89ec4feb8117ec3440ebc6c042dd6f06bc"},
    {file = "mysql_connector_python-8.3.0-cp311-cp311-macosx_13_0_x86_64.whl", hash = "sha256:de74055944b214bff56e1752ec213d705c421414c67a250fb695af0c5c214135"},
    {file = "mysql_connector_python-8.3.0-cp311-cp311-manylinux_2_17_aarch64.whl", hash = "sha256:b2901391b651d60dab3cc8985df94976fc1ea59fa7324c5b19d0a4177914c8dd"},
    {file = "mysql_connector_python-8.3.0-cp311-cp311-manylinux_2_17_x86_64.whl", hash = "sha256:55cb57d8098c721abce20fdef23232663977c0e5c87a4d0f9f73466f32c7d168"},
    {file = "mysql_connector_python-8.3.0-cp311-cp311-win_amd64.whl", hash = "sha256:201e609159b84a247be87b76f5deb79e8c6b368e91f043790e62077f13f3fed8"},
    {file = "mysql_connector_python-8.3.0-cp312-cp312-macosx_13_0_arm64.whl", hash = "sha256:c57d02fd6c28be444487e7905ede09e3fecb18377cf82908ca262826369d3401"},
    {file = "mysql_connector_python-8.3.0-cp312-cp312-macosx_13_0_x86_64.whl", hash = "sha256:9302d774025e76a0fac46bfeea8854b3d6819715a6a16ff23bfcda04218a76b7"},
    {file = "mysql_connector_python-8.3.0-cp312-cp312-manylinux_2_17_aarch64.whl", hash = "sha256:85fa878fdd6accaeb7d609bd2637c2cfa61592e7f9bdbdc0da18b2fa998d3d5a"},
    {file = "mysql_connector_python-8.3.0-cp312-cp312-manylinux_2_17_x86_64.whl", hash = "sha256:de0f2f2baa9e091ca8bdc4a091f874f9cd0b84b256389596adb0e032a05fe9f9"},
    {file = "mysql_connector_python-8.3.0-cp312-cp312-win_amd64.whl", hash = "sha256:27f8be2087627366a44a6831ec68b568c98dbf0f4ceff24682d90c21db6e0f1f"},
    {file = "mysql_connector_python-8.3.0-cp38-cp38-macosx_13_0_x86_64.whl", hash = "sha256:ec6dc3434a7deef74ab04e8978f6c5e181866a5423006c1b5aec5390a189d28d"},
    {file = "mysql_connector_python-8.3.0-cp38-cp38-manylinux_2_17_aarch64.whl", hash = "sha256:73ee8bc5f9626c42b37342a91a825cddb3461f6bfbbd6524d8ccfd3293aaa088"},
    {file = "mysql_connector_python-8.3.0-cp38-cp38-manylinux_2_17_x86_64.whl", hash = "sha256:1db5b48b4ff7d24344217ed2418b162c7677eec86ab9766dc0e5feae39c90974"},
    {file = "mysql_connector_python-8.3.0-cp38-cp38-win_amd64.whl", hash = "sha256:77bae496566d3da77bb0e938d89243103d20ee41633f626a47785470451bf45c"},
    {file = "mysql_connector_python-8.3.0-cp39-cp39-macosx_13_0_arm64.whl", hash = "sha256:f7acacdf9fd4260702f360c00952ad9a9cc73e8b7475e0d0c973c085a3dd7b7d"},
    {file = "mysql_connector_python-8.3.0-cp39-cp39-macosx_13_0_x86_64.whl", hash = "sha256:5f707a9b040ad4700fc447ba955c78b08f2dd5affde37ac2401918f7b6daaba3"},
    {file = "mysql_connector_python-8.3.0-cp39-cp39-manylinux_2_17_aarch64.whl", hash = "sha256:125714c998a697592bc56cce918a1acc58fadc510a7f588dbef3e53a1920e086"},
    {file = "mysql_connector_python-8.3.0-cp39-cp39-manylinux_2_17_x86_64.whl", hash = "sha256:7f4f5fa844c19ee3a78c4606f6e138b06829e75469592d90246a290c7befc322"},
    {file = "mysql_connector_python-8.3.0-cp39-cp39-win_amd64.whl", hash = "sha256:de5c3ee89d9276356f93df003949d3ba4c486f32fec9ec9fd7bc0caab124d89c"},
    {file = "mysql_connector_python-8.3.0-py2.py3-none-any.whl", hash = "sha256:e868ccc7ad9fbc242546db04673d89cee87d12b8139affd114524553df4e5d6a"},
]

[package.extras]
dns-srv = ["dnspython (>=1.16.0,<=2.3.0)"]
fido2 = ["fido2 (==1.1.2)"]
gssapi = ["gssapi (>=1.6.9,<=1.8.2)"]
opentelemetry = ["Deprecated (>=1.2.6)", "typing-extensions (>=3.7.4)", "zipp (>=0.5)"]

[[package]]
name = "mysqlclient"
version = "2.2.4"
description = "Python interface to MySQL"
optional = false
python-versions = ">=3.8"
files = [
    {file = "mysqlclient-2.2.4-cp310-cp310-win_amd64.whl", hash = "sha256:ac44777eab0a66c14cb0d38965572f762e193ec2e5c0723bcd11319cc5b693c5"},
    {file = "mysqlclient-2.2.4-cp311-cp311-win_amd64.whl", hash = "sha256:329e4eec086a2336fe3541f1ce095d87a6f169d1cc8ba7b04ac68bcb234c9711"},
    {file = "mysqlclient-2.2.4-cp312-cp312-win_amd64.whl", hash = "sha256:e1ebe3f41d152d7cb7c265349fdb7f1eca86ccb0ca24a90036cde48e00ceb2ab"},
    {file = "mysqlclient-2.2.4-cp38-cp38-win_amd64.whl", hash = "sha256:3c318755e06df599338dad7625f884b8a71fcf322a9939ef78c9b3db93e1de7a"},
    {file = "mysqlclient-2.2.4-cp39-cp39-win_amd64.whl", hash = "sha256:9d4c015480c4a6b2b1602eccd9846103fc70606244788d04aa14b31c4bd1f0e2"},
    {file = "mysqlclient-2.2.4-pp310-pypy310_pp73-win_amd64.whl", hash = "sha256:d43987bb9626096a302ca6ddcdd81feaeca65ced1d5fe892a6a66b808326aa54"},
    {file = "mysqlclient-2.2.4-pp38-pypy38_pp73-win_amd64.whl", hash = "sha256:4e80dcad884dd6e14949ac6daf769123223a52a6805345608bf49cdaf7bc8b3a"},
    {file = "mysqlclient-2.2.4-pp39-pypy39_pp73-win_amd64.whl", hash = "sha256:9d3310295cb682232cadc28abd172f406c718b9ada41d2371259098ae37779d3"},
    {file = "mysqlclient-2.2.4.tar.gz", hash = "sha256:33bc9fb3464e7d7c10b1eaf7336c5ff8f2a3d3b88bab432116ad2490beb3bf41"},
]

[metadata]
lock-version = "2.0"
python-versions = "^3.11"
content-hash = "a4ee926c158d1de93f9c2c9ad4a5ce64ee10caee9fe8c492e57cd5f82968967e"
